
Microsoft Visual Studio Solution File, Format Version 12.00
Project("{FAE04EC0-301F-11D3-BF4B-00C04F79EFBC}") = "Dominio", "Dominio\Dominio.csproj", "{AC81C798-CCD1-49A6-9E3B-6FBA7A906FAD}"
EndProject
Project("{FAE04EC0-301F-11D3-BF4B-00C04F79EFBC}") = "Dominio.Tests", "Dominio.Tests\Dominio.Tests.csproj", "{AEAE197F-B834-4DFC-B5D4-A309C67DAB10}"
EndProject
Global
	GlobalSection(SolutionConfigurationPlatforms) = preSolution
		Debug|Any CPU = Debug|Any CPU
		Release|Any CPU = Release|Any CPU
	EndGlobalSection
	GlobalSection(ProjectConfigurationPlatforms) = postSolution
		{AC81C798-CCD1-49A6-9E3B-6FBA7A906FAD}.Debug|Any CPU.ActiveCfg = Debug|Any CPU
		{AC81C798-CCD1-49A6-9E3B-6FBA7A906FAD}.Debug|Any CPU.Build.0 = Debug|Any CPU
		{AC81C798-CCD1-49A6-9E3B-6FBA7A906FAD}.Release|Any CPU.ActiveCfg = Release|Any CPU
		{AC81C798-CCD1-49A6-9E3B-6FBA7A906FAD}.Release|Any CPU.Build.0 = Release|Any CPU
		{AEAE197F-B834-4DFC-B5D4-A309C67DAB10}.Debug|Any CPU.ActiveCfg = Debug|Any CPU
		{AEAE197F-B834-4DFC-B5D4-A309C67DAB10}.Debug|Any CPU.Build.0 = Debug|Any CPU
		{AEAE197F-B834-4DFC-B5D4-A309C67DAB10}.Release|Any CPU.ActiveCfg = Release|Any CPU
		{AEAE197F-B834-4DFC-B5D4-A309C67DAB10}.Release|Any CPU.Build.0 = Release|Any CPU
	EndGlobalSection
EndGlobal
